
Microsoft Visual Studio Solution File, Format Version 12.00
# Visual Studio Version 16
VisualStudioVersion = 25.0.1705.4
MinimumVisualStudioVersion = 10.0.40219.1
Project("{FAE04EC0-301F-11D3-BF4B-00C04F79EFBC}") = "DemoNetCoreWebAPI", "DemoNetCoreWebAPI\DemoNetCoreWebAPI.csproj", "{0C6D01F9-5D2C-43C9-AC20-2EBF42D196D4}"
EndProject
Global
	GlobalSection(SolutionConfigurationPlatforms) = preSolution
		Debug|Any CPU = Debug|Any CPU
		Release|Any CPU = Release|Any CPU
	EndGlobalSection
	GlobalSection(ProjectConfigurationPlatforms) = postSolution
		{0C6D01F9-5D2C-43C9-AC20-2EBF42D196D4}.Debug|Any CPU.ActiveCfg = Debug|Any CPU
		{0C6D01F9-5D2C-43C9-AC20-2EBF42D196D4}.Debug|Any CPU.Build.0 = Debug|Any CPU
		{0C6D01F9-5D2C-43C9-AC20-2EBF42D196D4}.Release|Any CPU.ActiveCfg = Release|Any CPU
		{0C6D01F9-5D2C-43C9-AC20-2EBF42D196D4}.Release|Any CPU.Build.0 = Release|Any CPU
	EndGlobalSection
	GlobalSection(SolutionProperties) = preSolution
		HideSolutionNode = FALSE
	EndGlobalSection
	GlobalSection(ExtensibilityGlobals) = postSolution
		SolutionGuid = {F4142DAA-D619-47E9-93A0-841FA58055C3}
	EndGlobalSection
EndGlobal
